
Microsoft Visual Studio Solution File, Format Version 12.00
# Visual Studio Version 17
VisualStudioVersion = 17.9.34622.214
MinimumVisualStudioVersion = 10.0.40219.1
Project("{9A19103F-16F7-4668-BE54-9A1E7A4F7556}") = "FILES UPLOAD", "WinFormsApp7\FILES UPLOAD.csproj", "{5909B122-A7CA-4987-8AAA-E19779D38BFF}"
EndProject
Global
	GlobalSection(SolutionConfigurationPlatforms) = preSolution
		Debug|Any CPU = Debug|Any CPU
		Release|Any CPU = Release|Any CPU
	EndGlobalSection
	GlobalSection(ProjectConfigurationPlatforms) = postSolution
		{5909B122-A7CA-4987-8AAA-E19779D38BFF}.Debug|Any CPU.ActiveCfg = Debug|Any CPU
		{5909B122-A7CA-4987-8AAA-E19779D38BFF}.Debug|Any CPU.Build.0 = Debug|Any CPU
		{5909B122-A7CA-4987-8AAA-E19779D38BFF}.Release|Any CPU.ActiveCfg = Release|Any CPU
		{5909B122-A7CA-4987-8AAA-E19779D38BFF}.Release|Any CPU.Build.0 = Release|Any CPU
	EndGlobalSection
	GlobalSection(SolutionProperties) = preSolution
		HideSolutionNode = FALSE
	EndGlobalSection
	GlobalSection(ExtensibilityGlobals) = postSolution
		SolutionGuid = {81A90497-4AAA-48B8-8C0D-347FA5D2F8A8}
	EndGlobalSection
EndGlobal
